
Microsoft Visual Studio Solution File, Format Version 12.00
# Visual Studio Version 17
VisualStudioVersion = 17.4.33213.308
MinimumVisualStudioVersion = 10.0.40219.1
Project("{FAE04EC0-301F-11D3-BF4B-00C04F79EFBC}") = "DemoSvelte", "DemoSvelte\DemoSvelte.csproj", "{E5A532E1-8869-4DF0-8694-8C912ACC9415}"
EndProject
Global
	GlobalSection(SolutionConfigurationPlatforms) = preSolution
		Debug|Any CPU = Debug|Any CPU
		Release|Any CPU = Release|Any CPU
	EndGlobalSection
	GlobalSection(ProjectConfigurationPlatforms) = postSolution
		{E5A532E1-8869-4DF0-8694-8C912ACC9415}.Debug|Any CPU.ActiveCfg = Debug|Any CPU
		{E5A532E1-8869-4DF0-8694-8C912ACC9415}.Debug|Any CPU.Build.0 = Debug|Any CPU
		{E5A532E1-8869-4DF0-8694-8C912ACC9415}.Release|Any CPU.ActiveCfg = Release|Any CPU
		{E5A532E1-8869-4DF0-8694-8C912ACC9415}.Release|Any CPU.Build.0 = Release|Any CPU
	EndGlobalSection
	GlobalSection(SolutionProperties) = preSolution
		HideSolutionNode = FALSE
	EndGlobalSection
	GlobalSection(ExtensibilityGlobals) = postSolution
		SolutionGuid = {4E3A1B87-21D0-4E25-A222-A85EEBBDB632}
	EndGlobalSection
EndGlobal
